<Solution>
  <Configurations>
    <Platform Name="Any CPU" />
    <Platform Name="x64" />
    <Platform Name="x86" />
  </Configurations>
  <Folder Name="/Benchmarks/">
    <Project Path="GaudiHTTP.Benchmarks/GaudiHTTP.Benchmarks.csproj" />
  </Folder>
  <Folder Name="/Items/">
    <File Path="../.github/workflows/ci.yml" />
    <File Path="../.github/workflows/release.yml" />
    <File Path="../CLAUDE.md" />
    <File Path="../CONTRIBUTING.md" />
    <File Path="../docs/logo/icon.svg" />
    <File Path="../docs/logo/logo.svg" />
    <File Path="../docs/logo/logo_small.svg" />
    <File Path="../README.md" />
    <File Path="Directory.Build.props" />
    <File Path="Directory.Packages.props" />
    <File Path="global.json" />
  </Folder>
  <Folder Name="/Servus/">
    <Project Path="Servus.Akka.AspNetCore/Servus.Akka.AspNetCore.csproj" />
    <Project Path="Servus.Akka.AspNetCore.Tests/Servus.Akka.AspNetCore.Tests.csproj" />
    <Project Path="../lib/servus.akka/src/Servus.Akka.TestKit/Servus.Akka.TestKit.csproj" />
    <Project Path="../lib/servus.akka/src/Servus.Akka.Tests/Servus.Akka.Tests.csproj" />
    <Project Path="../lib/servus.akka/src/Servus.Akka/Servus.Akka.csproj" />
  </Folder>
  <Folder Name="/Tests/">
    <Project Path="GaudiHTTP.AcceptanceTests/GaudiHTTP.AcceptanceTests.csproj" />
    <Project Path="GaudiHTTP.API.Tests/GaudiHTTP.API.Tests.csproj" />
    <Project Path="GaudiHTTP.IntegrationTests.Client/GaudiHTTP.IntegrationTests.Client.csproj" />
    <Project Path="GaudiHTTP.IntegrationTests.End2End/GaudiHTTP.IntegrationTests.End2End.csproj" />
    <Project Path="GaudiHTTP.IntegrationTests.Server/GaudiHTTP.IntegrationTests.Server.csproj" />
    <Project Path="GaudiHTTP.Tests.Shared/GaudiHTTP.Tests.Shared.csproj" />
    <Project Path="GaudiHTTP.Tests/GaudiHTTP.Tests.csproj" />
  </Folder>
  <Project Path="GaudiHTTP/GaudiHTTP.csproj" />
</Solution>
